
Microsoft Visual Studio Solution File, Format Version 12.00
# Visual Studio Version 16
VisualStudioVersion = 16.0.30011.22
MinimumVisualStudioVersion = 10.0.40219.1
Project("{FAE04EC0-301F-11D3-BF4B-00C04F79EFBC}") = "เมนู", "เมนู\เมนู.csproj", "{E623028B-5870-4C32-82F5-A3997CDB1825}"
EndProject
Global
	GlobalSection(SolutionConfigurationPlatforms) = preSolution
		Debug|Any CPU = Debug|Any CPU
		Release|Any CPU = Release|Any CPU
	EndGlobalSection
	GlobalSection(ProjectConfigurationPlatforms) = postSolution
		{E623028B-5870-4C32-82F5-A3997CDB1825}.Debug|Any CPU.ActiveCfg = Debug|Any CPU
		{E623028B-5870-4C32-82F5-A3997CDB1825}.Debug|Any CPU.Build.0 = Debug|Any CPU
		{E623028B-5870-4C32-82F5-A3997CDB1825}.Release|Any CPU.ActiveCfg = Release|Any CPU
		{E623028B-5870-4C32-82F5-A3997CDB1825}.Release|Any CPU.Build.0 = Release|Any CPU
	EndGlobalSection
	GlobalSection(SolutionProperties) = preSolution
		HideSolutionNode = FALSE
	EndGlobalSection
	GlobalSection(ExtensibilityGlobals) = postSolution
		SolutionGuid = {F486F0E0-0B2C-4B60-830A-C676B92FF533}
	EndGlobalSection
EndGlobal
